// !$*UTF8*$!
{
	archiveVersion = 1;
	classes = {
	};
	objectVersion = 50;
	objects = {

/* Begin PBXBuildFile section */
		BF1A7B432395424200FF6C50 /* Adjustment.swift in Sources */ = {isa = PBXBuildFile; fileRef = BF1A7B422395424200FF6C50 /* Adjustment.swift */; };
		BF71C7762392539E00E27D91 /* FoodRow.swift in Sources */ = {isa = PBXBuildFile; fileRef = BF71C7752392539E00E27D91 /* FoodRow.swift */; };
		BF71C7782392624200E27D91 /* FoodList.swift in Sources */ = {isa = PBXBuildFile; fileRef = BF71C7772392624200E27D91 /* FoodList.swift */; };
		BFAE1937239280B8009FA445 /* PieChart.swift in Sources */ = {isa = PBXBuildFile; fileRef = BFAE1936239280B8009FA445 /* PieChart.swift */; };
		BFAE193923928101009FA445 /* PieChartView.swift in Sources */ = {isa = PBXBuildFile; fileRef = BFAE193823928101009FA445 /* PieChartView.swift */; };
		BFAE193B2392819D009FA445 /* FoodAnalysis.swift in Sources */ = {isa = PBXBuildFile; fileRef = BFAE193A2392819D009FA445 /* FoodAnalysis.swift */; };
		BFAE193F2392F9E3009FA445 /* BarChart.swift in Sources */ = {isa = PBXBuildFile; fileRef = BFAE193E2392F9E3009FA445 /* BarChart.swift */; };
		BFAE19412392FB0E009FA445 /* BarChartView.swift in Sources */ = {isa = PBXBuildFile; fileRef = BFAE19402392FB0E009FA445 /* BarChartView.swift */; };
		BFAE19432393036D009FA445 /* FoodBarAnalysis.swift in Sources */ = {isa = PBXBuildFile; fileRef = BFAE19422393036D009FA445 /* FoodBarAnalysis.swift */; };
		BFC9EE3E23920B0D0076AE2C /* Food.swift in Sources */ = {isa = PBXBuildFile; fileRef = BFC9EE3D23920B0D0076AE2C /* Food.swift */; };
		BFC9EE4023920D360076AE2C /* FoodEdit.swift in Sources */ = {isa = PBXBuildFile; fileRef = BFC9EE3F23920D360076AE2C /* FoodEdit.swift */; };
		BFC9EE4423920E1D0076AE2C /* FoodData.swift in Sources */ = {isa = PBXBuildFile; fileRef = BFC9EE4323920E1D0076AE2C /* FoodData.swift */; };
		BFE55411238E556F0004BA58 /* AppDelegate.swift in Sources */ = {isa = PBXBuildFile; fileRef = BFE55410238E556F0004BA58 /* AppDelegate.swift */; };
		BFE55413238E556F0004BA58 /* SceneDelegate.swift in Sources */ = {isa = PBXBuildFile; fileRef = BFE55412238E556F0004BA58 /* SceneDelegate.swift */; };
		BFE55415238E556F0004BA58 /* ContentView.swift in Sources */ = {isa = PBXBuildFile; fileRef = BFE55414238E556F0004BA58 /* ContentView.swift */; };
		BFE55417238E55700004BA58 /* Assets.xcassets in Resources */ = {isa = PBXBuildFile; fileRef = BFE55416238E55700004BA58 /* Assets.xcassets */; };
		BFE5541A238E55700004BA58 /* Preview Assets.xcassets in Resources */ = {isa = PBXBuildFile; fileRef = BFE55419238E55700004BA58 /* Preview Assets.xcassets */; };
		BFE5541D238E55700004BA58 /* LaunchScreen.storyboard in Resources */ = {isa = PBXBuildFile; fileRef = BFE5541B238E55700004BA58 /* LaunchScreen.storyboard */; };
/* End PBXBuildFile section */

/* Begin PBXFileReference section */
		BF1A7B422395424200FF6C50 /* Adjustment.swift */ = {isa = PBXFileReference; lastKnownFileType = sourcecode.swift; path = Adjustment.swift; sourceTree = "<group>"; };
		BF71C7752392539E00E27D91 /* FoodRow.swift */ = {isa = PBXFileReference; lastKnownFileType = sourcecode.swift; path = FoodRow.swift; sourceTree = "<group>"; };
		BF71C7772392624200E27D91 /* FoodList.swift */ = {isa = PBXFileReference; lastKnownFileType = sourcecode.swift; path = FoodList.swift; sourceTree = "<group>"; };
		BFAE1936239280B8009FA445 /* PieChart.swift */ = {isa = PBXFileReference; lastKnownFileType = sourcecode.swift; path = PieChart.swift; sourceTree = "<group>"; };
		BFAE193823928101009FA445 /* PieChartView.swift */ = {isa = PBXFileReference; lastKnownFileType = sourcecode.swift; path = PieChartView.swift; sourceTree = "<group>"; };
		BFAE193A2392819D009FA445 /* FoodAnalysis.swift */ = {isa = PBXFileReference; lastKnownFileType = sourcecode.swift; path = FoodAnalysis.swift; sourceTree = "<group>"; };
		BFAE193E2392F9E3009FA445 /* BarChart.swift */ = {isa = PBXFileReference; lastKnownFileType = sourcecode.swift; path = BarChart.swift; sourceTree = "<group>"; };
		BFAE19402392FB0E009FA445 /* BarChartView.swift */ = {isa = PBXFileReference; lastKnownFileType = sourcecode.swift; path = BarChartView.swift; sourceTree = "<group>"; };
		BFAE19422393036D009FA445 /* FoodBarAnalysis.swift */ = {isa = PBXFileReference; lastKnownFileType = sourcecode.swift; path = FoodBarAnalysis.swift; sourceTree = "<group>"; };
		BFC9EE3D23920B0D0076AE2C /* Food.swift */ = {isa = PBXFileReference; lastKnownFileType = sourcecode.swift; path = Food.swift; sourceTree = "<group>"; };
		BFC9EE3F23920D360076AE2C /* FoodEdit.swift */ = {isa = PBXFileReference; lastKnownFileType = sourcecode.swift; path = FoodEdit.swift; sourceTree = "<group>"; };
		BFC9EE4323920E1D0076AE2C /* FoodData.swift */ = {isa = PBXFileReference; lastKnownFileType = sourcecode.swift; path = FoodData.swift; sourceTree = "<group>"; };
		BFE5540D238E556F0004BA58 /* FitnessRecord.app */ = {isa = PBXFileReference; explicitFileType = wrapper.application; includeInIndex = 0; path = FitnessRecord.app; sourceTree = BUILT_PRODUCTS_DIR; };
		BFE55410238E556F0004BA58 /* AppDelegate.swift */ = {isa = PBXFileReference; lastKnownFileType = sourcecode.swift; path = AppDelegate.swift; sourceTree = "<group>"; };
		BFE55412238E556F0004BA58 /* SceneDelegate.swift */ = {isa = PBXFileReference; lastKnownFileType = sourcecode.swift; path = SceneDelegate.swift; sourceTree = "<group>"; };
		BFE55414238E556F0004BA58 /* ContentView.swift */ = {isa = PBXFileReference; lastKnownFileType = sourcecode.swift; path = ContentView.swift; sourceTree = "<group>"; };
		BFE55416238E55700004BA58 /* Assets.xcassets */ = {isa = PBXFileReference; lastKnownFileType = folder.assetcatalog; path = Assets.xcassets; sourceTree = "<group>"; };
		BFE55419238E55700004BA58 /* Preview Assets.xcassets */ = {isa = PBXFileReference; lastKnownFileType = folder.assetcatalog; path = "Preview Assets.xcassets"; sourceTree = "<group>"; };
		BFE5541C238E55700004BA58 /* Base */ = {isa = PBXFileReference; lastKnownFileType = file.storyboard; name = Base; path = Base.lproj/LaunchScreen.storyboard; sourceTree = "<group>"; };
		BFE5541E238E55700004BA58 /* Info.plist */ = {isa = PBXFileReference; lastKnownFileType = text.plist.xml; path = Info.plist; sourceTree = "<group>"; };
/* End PBXFileReference section */

/* Begin PBXFrameworksBuildPhase section */
		BFE5540A238E556F0004BA58 /* Frameworks */ = {
			isa = PBXFrameworksBuildPhase;
			buildActionMask = 2147483647;
			files = (
			);
			runOnlyForDeploymentPostprocessing = 0;
		};
/* End PBXFrameworksBuildPhase section */

/* Begin PBXGroup section */
		BFE55404238E556F0004BA58 = {
			isa = PBXGroup;
			children = (
				BFE5540F238E556F0004BA58 /* FitnessRecord */,
				BFE5540E238E556F0004BA58 /* Products */,
			);
			sourceTree = "<group>";
		};
		BFE5540E238E556F0004BA58 /* Products */ = {
			isa = PBXGroup;
			children = (
				BFE5540D238E556F0004BA58 /* FitnessRecord.app */,
			);
			name = Products;
			sourceTree = "<group>";
		};
		BFE5540F238E556F0004BA58 /* FitnessRecord */ = {
			isa = PBXGroup;
			children = (
				BFE55410238E556F0004BA58 /* AppDelegate.swift */,
				BFE55412238E556F0004BA58 /* SceneDelegate.swift */,
				BFE55414238E556F0004BA58 /* ContentView.swift */,
				BFAE19422393036D009FA445 /* FoodBarAnalysis.swift */,
				BFAE193A2392819D009FA445 /* FoodAnalysis.swift */,
				BFAE19402392FB0E009FA445 /* BarChartView.swift */,
				BFAE193E2392F9E3009FA445 /* BarChart.swift */,
				BFAE193823928101009FA445 /* PieChartView.swift */,
				BFAE1936239280B8009FA445 /* PieChart.swift */,
				BF71C7772392624200E27D91 /* FoodList.swift */,
				BF71C7752392539E00E27D91 /* FoodRow.swift */,
				BFC9EE3F23920D360076AE2C /* FoodEdit.swift */,
				BFC9EE4323920E1D0076AE2C /* FoodData.swift */,
				BFC9EE3D23920B0D0076AE2C /* Food.swift */,
				BF1A7B422395424200FF6C50 /* Adjustment.swift */,
				BFE55416238E55700004BA58 /* Assets.xcassets */,
				BFE5541B238E55700004BA58 /* LaunchScreen.storyboard */,
				BFE5541E238E55700004BA58 /* Info.plist */,
				BFE55418238E55700004BA58 /* Preview Content */,
			);
			path = FitnessRecord;
			sourceTree = "<group>";
		};
		BFE55418238E55700004BA58 /* Preview Content */ = {
			isa = PBXGroup;
			children = (
				BFE55419238E55700004BA58 /* Preview Assets.xcassets */,
			);
			path = "Preview Content";
			sourceTree = "<group>";
		};
/* End PBXGroup section */

/* Begin PBXNativeTarget section */
		BFE5540C238E556F0004BA58 /* FitnessRecord */ = {
			isa = PBXNativeTarget;
			buildConfigurationList = BFE55421238E55700004BA58 /* Build configuration list for PBXNativeTarget "FitnessRecord" */;
			buildPhases = (
				BFE55409238E556F0004BA58 /* Sources */,
				BFE5540A238E556F0004BA58 /* Frameworks */,
				BFE5540B238E556F0004BA58 /* Resources */,
			);
			buildRules = (
			);
			dependencies = (
			);
			name = FitnessRecord;
			productName = FitnessRecord;
			productReference = BFE5540D238E556F0004BA58 /* FitnessRecord.app */;
			productType = "com.apple.product-type.application";
		};
/* End PBXNativeTarget section */

/* Begin PBXProject section */
		BFE55405238E556F0004BA58 /* Project object */ = {
			isa = PBXProject;
			attributes = {
				LastSwiftUpdateCheck = 1120;
				LastUpgradeCheck = 1120;
				ORGANIZATIONNAME = Kumo;
				TargetAttributes = {
					BFE5540C238E556F0004BA58 = {
						CreatedOnToolsVersion = 11.2.1;
					};
				};
			};
			buildConfigurationList = BFE55408238E556F0004BA58 /* Build configuration list for PBXProject "FitnessRecord" */;
			compatibilityVersion = "Xcode 9.3";
			developmentRegion = en;
			hasScannedForEncodings = 0;
			knownRegions = (
				en,
				Base,
			);
			mainGroup = BFE55404238E556F0004BA58;
			productRefGroup = BFE5540E238E556F0004BA58 /* Products */;
			projectDirPath = "";
			projectRoot = "";
			targets = (
				BFE5540C238E556F0004BA58 /* FitnessRecord */,
			);
		};
/* End PBXProject section */

/* Begin PBXResourcesBuildPhase section */
		BFE5540B238E556F0004BA58 /* Resources */ = {
			isa = PBXResourcesBuildPhase;
			buildActionMask = 2147483647;
			files = (
				BFE5541D238E55700004BA58 /* LaunchScreen.storyboard in Resources */,
				BFE5541A238E55700004BA58 /* Preview Assets.xcassets in Resources */,
				BFE55417238E55700004BA58 /* Assets.xcassets in Resources */,
			);
			runOnlyForDeploymentPostprocessing = 0;
		};
/* End PBXResourcesBuildPhase section */

/* Begin PBXSourcesBuildPhase section */
		BFE55409238E556F0004BA58 /* Sources */ = {
			isa = PBXSourcesBuildPhase;
			buildActionMask = 2147483647;
			files = (
				BFAE1937239280B8009FA445 /* PieChart.swift in Sources */,
				BFE55411238E556F0004BA58 /* AppDelegate.swift in Sources */,
				BFAE19412392FB0E009FA445 /* BarChartView.swift in Sources */,
				BFC9EE4023920D360076AE2C /* FoodEdit.swift in Sources */,
				BFAE193B2392819D009FA445 /* FoodAnalysis.swift in Sources */,
				BFAE19432393036D009FA445 /* FoodBarAnalysis.swift in Sources */,
				BFAE193F2392F9E3009FA445 /* BarChart.swift in Sources */,
				BFC9EE3E23920B0D0076AE2C /* Food.swift in Sources */,
				BFC9EE4423920E1D0076AE2C /* FoodData.swift in Sources */,
				BF71C7762392539E00E27D91 /* FoodRow.swift in Sources */,
				BF1A7B432395424200FF6C50 /* Adjustment.swift in Sources */,
				BFAE193923928101009FA445 /* PieChartView.swift in Sources */,
				BF71C7782392624200E27D91 /* FoodList.swift in Sources */,
				BFE55413238E556F0004BA58 /* SceneDelegate.swift in Sources */,
				BFE55415238E556F0004BA58 /* ContentView.swift in Sources */,
			);
			runOnlyForDeploymentPostprocessing = 0;
		};
/* End PBXSourcesBuildPhase section */

/* Begin PBXVariantGroup section */
		BFE5541B238E55700004BA58 /* LaunchScreen.storyboard */ = {
			isa = PBXVariantGroup;
			children = (
				BFE5541C238E55700004BA58 /* Base */,
			);
			name = LaunchScreen.storyboard;
			sourceTree = "<group>";
		};
/* End PBXVariantGroup section */

/* Begin XCBuildConfiguration section */
		BFE5541F238E55700004BA58 /* Debug */ = {
			isa = XCBuildConfiguration;
			buildSettings = {
				ALWAYS_SEARCH_USER_PATHS = NO;
				CLANG_ANALYZER_NONNULL = YES;
				CLANG_ANALYZER_NUMBER_OBJECT_CONVERSION = YES_AGGRESSIVE;
				CLANG_CXX_LANGUAGE_STANDARD = "gnu++14";
				CLANG_CXX_LIBRARY = "libc++";
				CLANG_ENABLE_MODULES = YES;
				CLANG_ENABLE_OBJC_ARC = YES;
				CLANG_ENABLE_OBJC_WEAK = YES;
				CLANG_WARN_BLOCK_CAPTURE_AUTORELEASING = YES;
				CLANG_WARN_BOOL_CONVERSION = YES;
				CLANG_WARN_COMMA = YES;
				CLANG_WARN_CONSTANT_CONVERSION = YES;
				CLANG_WARN_DEPRECATED_OBJC_IMPLEMENTATIONS = YES;
				CLANG_WARN_DIRECT_OBJC_ISA_USAGE = YES_ERROR;
				CLANG_WARN_DOCUMENTATION_COMMENTS = YES;
				CLANG_WARN_EMPTY_BODY = YES;
				CLANG_WARN_ENUM_CONVERSION = YES;
				CLANG_WARN_INFINITE_RECURSION = YES;
				CLANG_WARN_INT_CONVERSION = YES;
				CLANG_WARN_NON_LITERAL_NULL_CONVERSION = YES;
				CLANG_WARN_OBJC_IMPLICIT_RETAIN_SELF = YES;
				CLANG_WARN_OBJC_LITERAL_CONVERSION = YES;
				CLANG_WARN_OBJC_ROOT_CLASS = YES_ERROR;
				CLANG_WARN_RANGE_LOOP_ANALYSIS = YES;
				CLANG_WARN_STRICT_PROTOTYPES = YES;
				CLANG_WARN_SUSPICIOUS_MOVE = YES;
				CLANG_WARN_UNGUARDED_AVAILABILITY = YES_AGGRESSIVE;
				CLANG_WARN_UNREACHABLE_CODE = YES;
				CLANG_WARN__DUPLICATE_METHOD_MATCH = YES;
				COPY_PHASE_STRIP = NO;
				DEBUG_INFORMATION_FORMAT = dwarf;
				ENABLE_STRICT_OBJC_MSGSEND = YES;
				ENABLE_TESTABILITY = YES;
				GCC_C_LANGUAGE_STANDARD = gnu11;
				GCC_DYNAMIC_NO_PIC = NO;
				GCC_NO_COMMON_BLOCKS = YES;
				GCC_OPTIMIZATION_LEVEL = 0;
				GCC_PREPROCESSOR_DEFINITIONS = (
					"DEBUG=1",
					"$(inherited)",
				);
				GCC_WARN_64_TO_32_BIT_CONVERSION = YES;
				GCC_WARN_ABOUT_RETURN_TYPE = YES_ERROR;
				GCC_WARN_UNDECLARED_SELECTOR = YES;
				GCC_WARN_UNINITIALIZED_AUTOS = YES_AGGRESSIVE;
				GCC_WARN_UNUSED_FUNCTION = YES;
				GCC_WARN_UNUSED_VARIABLE = YES;
				IPHONEOS_DEPLOYMENT_TARGET = 13.2;
				MTL_ENABLE_DEBUG_INFO = INCLUDE_SOURCE;
				MTL_FAST_MATH = YES;
				ONLY_ACTIVE_ARCH = YES;
				SDKROOT = iphoneos;
				SWIFT_ACTIVE_COMPILATION_CONDITIONS = DEBUG;
				SWIFT_OPTIMIZATION_LEVEL = "-Onone";
			};
			name = Debug;
		};
		BFE55420238E55700004BA58 /* Release */ = {
			isa = XCBuildConfiguration;
			buildSettings = {
				ALWAYS_SEARCH_USER_PATHS = NO;
				CLANG_ANALYZER_NONNULL = YES;
				CLANG_ANALYZER_NUMBER_OBJECT_CONVERSION = YES_AGGRESSIVE;
				CLANG_CXX_LANGUAGE_STANDARD = "gnu++14";
				CLANG_CXX_LIBRARY = "libc++";
				CLANG_ENABLE_MODULES = YES;
				CLANG_ENABLE_OBJC_ARC = YES;
				CLANG_ENABLE_OBJC_WEAK = YES;
				CLANG_WARN_BLOCK_CAPTURE_AUTORELEASING = YES;
				CLANG_WARN_BOOL_CONVERSION = YES;
				CLANG_WARN_COMMA = YES;
				CLANG_WARN_CONSTANT_CONVERSION = YES;
				CLANG_WARN_DEPRECATED_OBJC_IMPLEMENTATIONS = YES;
				CLANG_WARN_DIRECT_OBJC_ISA_USAGE = YES_ERROR;
				CLANG_WARN_DOCUMENTATION_COMMENTS = YES;
				CLANG_WARN_EMPTY_BODY = YES;
				CLANG_WARN_ENUM_CONVERSION = YES;
				CLANG_WARN_INFINITE_RECURSION = YES;
				CLANG_WARN_INT_CONVERSION = YES;
				CLANG_WARN_NON_LITERAL_NULL_CONVERSION = YES;
				CLANG_WARN_OBJC_IMPLICIT_RETAIN_SELF = YES;
				CLANG_WARN_OBJC_LITERAL_CONVERSION = YES;
				CLANG_WARN_OBJC_ROOT_CLASS = YES_ERROR;
				CLANG_WARN_RANGE_LOOP_ANALYSIS = YES;
				CLANG_WARN_STRICT_PROTOTYPES = YES;
				CLANG_WARN_SUSPICIOUS_MOVE = YES;
				CLANG_WARN_UNGUARDED_AVAILABILITY = YES_AGGRESSIVE;
				CLANG_WARN_UNREACHABLE_CODE = YES;
				CLANG_WARN__DUPLICATE_METHOD_MATCH = YES;
				COPY_PHASE_STRIP = NO;
				DEBUG_INFORMATION_FORMAT = "dwarf-with-dsym";
				ENABLE_NS_ASSERTIONS = NO;
				ENABLE_STRICT_OBJC_MSGSEND = YES;
				GCC_C_LANGUAGE_STANDARD = gnu11;
				GCC_NO_COMMON_BLOCKS = YES;
				GCC_WARN_64_TO_32_BIT_CONVERSION = YES;
				GCC_WARN_ABOUT_RETURN_TYPE = YES_ERROR;
				GCC_WARN_UNDECLARED_SELECTOR = YES;
				GCC_WARN_UNINITIALIZED_AUTOS = YES_AGGRESSIVE;
				GCC_WARN_UNUSED_FUNCTION = YES;
				GCC_WARN_UNUSED_VARIABLE = YES;
				IPHONEOS_DEPLOYMENT_TARGET = 13.2;
				MTL_ENABLE_DEBUG_INFO = NO;
				MTL_FAST_MATH = YES;
				SDKROOT = iphoneos;
				SWIFT_COMPILATION_MODE = wholemodule;
				SWIFT_OPTIMIZATION_LEVEL = "-O";
				VALIDATE_PRODUCT = YES;
			};
			name = Release;
		};
		BFE55422238E55700004BA58 /* Debug */ = {
			isa = XCBuildConfiguration;
			buildSettings = {
				ASSETCATALOG_COMPILER_APPICON_NAME = AppIcon;
				CODE_SIGN_STYLE = Automatic;
				DEVELOPMENT_ASSET_PATHS = "\"FitnessRecord/Preview Content\"";
				DEVELOPMENT_TEAM = 77J47Z8X2R;
				ENABLE_PREVIEWS = YES;
				INFOPLIST_FILE = FitnessRecord/Info.plist;
				LD_RUNPATH_SEARCH_PATHS = (
					"$(inherited)",
					"@executable_path/Frameworks",
				);
				PRODUCT_BUNDLE_IDENTIFIER = com.yahi61006.FitnessRecord;
				PRODUCT_NAME = "$(TARGET_NAME)";
				SWIFT_VERSION = 5.0;
				TARGETED_DEVICE_FAMILY = "1,2";
			};
			name = Debug;
		};
		BFE55423238E55700004BA58 /* Release */ = {
			isa = XCBuildConfiguration;
			buildSettings = {
				ASSETCATALOG_COMPILER_APPICON_NAME = AppIcon;
				CODE_SIGN_STYLE = Automatic;
				DEVELOPMENT_ASSET_PATHS = "\"FitnessRecord/Preview Content\"";
				DEVELOPMENT_TEAM = 77J47Z8X2R;
				ENABLE_PREVIEWS = YES;
				INFOPLIST_FILE = FitnessRecord/Info.plist;
				LD_RUNPATH_SEARCH_PATHS = (
					"$(inherited)",
					"@executable_path/Frameworks",
				);
				PRODUCT_BUNDLE_IDENTIFIER = com.yahi61006.FitnessRecord;
				PRODUCT_NAME = "$(TARGET_NAME)";
				SWIFT_VERSION = 5.0;
				TARGETED_DEVICE_FAMILY = "1,2";
			};
			name = Release;
		};
/* End XCBuildConfiguration section */

/* Begin XCConfigurationList section */
		BFE55408238E556F0004BA58 /* Build configuration list for PBXProject "FitnessRecord" */ = {
			isa = XCConfigurationList;
			buildConfigurations = (
				BFE5541F238E55700004BA58 /* Debug */,
				BFE55420238E55700004BA58 /* Release */,
			);
			defaultConfigurationIsVisible = 0;
			defaultConfigurationName = Release;
		};
		BFE55421238E55700004BA58 /* Build configuration list for PBXNativeTarget "FitnessRecord" */ = {
			isa = XCConfigurationList;
			buildConfigurations = (
				BFE55422238E55700004BA58 /* Debug */,
				BFE55423238E55700004BA58 /* Release */,
			);
			defaultConfigurationIsVisible = 0;
			defaultConfigurationName = Release;
		};
/* End XCConfigurationList section */
	};
	rootObject = BFE55405238E556F0004BA58 /* Project object */;
}
